<?xml version="1.0" encoding="utf-8"?>
<Project ToolsVersion="4.0" xmlns="http://schemas.microsoft.com/developer/msbuild/2003">
  <ItemGroup>
    <ClCompile Include="CMUgraphicsLib\auxil.cpp">
      <Filter>GraphicsLib</Filter>
    </ClCompile>
    <ClCompile Include="CMUgraphicsLib\image.cpp">
      <Filter>GraphicsLib</Filter>
    </ClCompile>
    <ClCompile Include="CMUgraphicsLib\jpeg\jcomapi.c">
      <Filter>GraphicsLib</Filter>
    </ClCompile>
    <ClCompile Include="CMUgraphicsLib\jpeg\jcparam.c">
      <Filter>GraphicsLib</Filter>
    </ClCompile>
    <ClCompile Include="CMUgraphicsLib\jpeg\jdapimin.c">
      <Filter>GraphicsLib</Filter>
    </ClCompile>
    <ClCompile Include="CMUgraphicsLib\jpeg\jdapistd.c">
      <Filter>GraphicsLib</Filter>
    </ClCompile>
    <ClCompile Include="CMUgraphicsLib\jpeg\jdatasrc.c">
      <Filter>GraphicsLib</Filter>
    </ClCompile>
    <ClCompile Include="CMUgraphicsLib\jpeg\jdcoefct.c">
      <Filter>GraphicsLib</Filter>
    </ClCompile>
    <ClCompile Include="CMUgraphicsLib\jpeg\jdcolor.c">
      <Filter>GraphicsLib</Filter>
    </ClCompile>
    <ClCompile Include="CMUgraphicsLib\jpeg\jddctmgr.c">
      <Filter>GraphicsLib</Filter>
    </ClCompile>
    <ClCompile Include="CMUgraphicsLib\jpeg\jdhuff.c">
      <Filter>GraphicsLib</Filter>
    </ClCompile>
    <ClCompile Include="CMUgraphicsLib\jpeg\jdinput.c">
      <Filter>GraphicsLib</Filter>
    </ClCompile>
    <ClCompile Include="CMUgraphicsLib\jpeg\jdmainct.c">
      <Filter>GraphicsLib</Filter>
    </ClCompile>
    <ClCompile Include="CMUgraphicsLib\jpeg\jdmarker.c">
      <Filter>GraphicsLib</Filter>
    </ClCompile>
    <ClCompile Include="CMUgraphicsLib\jpeg\jdmaster.c">
      <Filter>GraphicsLib</Filter>
    </ClCompile>
    <ClCompile Include="CMUgraphicsLib\jpeg\jdmerge.c">
      <Filter>GraphicsLib</Filter>
    </ClCompile>
    <ClCompile Include="CMUgraphicsLib\jpeg\jdphuff.c">
      <Filter>GraphicsLib</Filter>
    </ClCompile>
    <ClCompile Include="CMUgraphicsLib\jpeg\jdpostct.c">
      <Filter>GraphicsLib</Filter>
    </ClCompile>
    <ClCompile Include="CMUgraphicsLib\jpeg\jdsample.c">
      <Filter>GraphicsLib</Filter>
    </ClCompile>
    <ClCompile Include="CMUgraphicsLib\jpeg\jdtrans.c">
      <Filter>GraphicsLib</Filter>
    </ClCompile>
    <ClCompile Include="CMUgraphicsLib\jpeg\jerror.c">
      <Filter>GraphicsLib</Filter>
    </ClCompile>
    <ClCompile Include="CMUgraphicsLib\jpeg\jidctflt.c">
      <Filter>GraphicsLib</Filter>
    </ClCompile>
    <ClCompile Include="CMUgraphicsLib\jpeg\jidctfst.c">
      <Filter>GraphicsLib</Filter>
    </ClCompile>
    <ClCompile Include="CMUgraphicsLib\jpeg\jidctint.c">
      <Filter>GraphicsLib</Filter>
    </ClCompile>
    <ClCompile Include="CMUgraphicsLib\jpeg\jidctred.c">
      <Filter>GraphicsLib</Filter>
    </ClCompile>
    <ClCompile Include="CMUgraphicsLib\jpeg\jmemmgr.c">
      <Filter>GraphicsLib</Filter>
    </ClCompile>
    <ClCompile Include="CMUgraphicsLib\jpeg\jmemnobs.c">
      <Filter>GraphicsLib</Filter>
    </ClCompile>
    <ClCompile Include="CMUgraphicsLib\jpegload.c">
      <Filter>GraphicsLib</Filter>
    </ClCompile>
    <ClCompile Include="CMUgraphicsLib\jpeg\jquant1.c">
      <Filter>GraphicsLib</Filter>
    </ClCompile>
    <ClCompile Include="CMUgraphicsLib\jpeg\jquant2.c">
      <Filter>GraphicsLib</Filter>
    </ClCompile>
    <ClCompile Include="CMUgraphicsLib\jpeg\jutils.c">
      <Filter>GraphicsLib</Filter>
    </ClCompile>
    <ClCompile Include="CMUgraphicsLib\keyqueue.cpp">
      <Filter>GraphicsLib</Filter>
    </ClCompile>
    <ClCompile Include="CMUgraphicsLib\mousequeue.cpp">
      <Filter>GraphicsLib</Filter>
    </ClCompile>
    <ClCompile Include="CMUgraphicsLib\windowinput.cpp">
      <Filter>GraphicsLib</Filter>
    </ClCompile>
    <ClCompile Include="CMUgraphicsLib\CMUgraphics.cpp">
      <Filter>GraphicsLib</Filter>
    </ClCompile>
    <ClCompile Include="GUI\GUI.cpp">
      <Filter>GUI</Filter>
    </ClCompile>
    <ClCompile Include="CMUgraphicsLib\colors.cpp">
      <Filter>GraphicsLib</Filter>
    </ClCompile>
    <ClCompile Include="Shapes\Ctriangle.cpp">
      <Filter>Shapes&amp;Graph</Filter>
    </ClCompile>
    <ClCompile Include="Shapes\Graph.cpp">
      <Filter>Shapes&amp;Graph</Filter>
    </ClCompile>
    <ClCompile Include="Shapes\Line.cpp">
      <Filter>Shapes&amp;Graph</Filter>
    </ClCompile>
    <ClCompile Include="Shapes\Rect.cpp">
      <Filter>Shapes&amp;Graph</Filter>
    </ClCompile>
    <ClCompile Include="Shapes\Shape.cpp">
      <Filter>Shapes&amp;Graph</Filter>
    </ClCompile>
    <ClCompile Include="Shapes\Squr.cpp">
      <Filter>Shapes&amp;Graph</Filter>
    </ClCompile>
    <ClCompile Include="main.cpp" />
    <ClCompile Include="controller.cpp" />
    <ClCompile Include="operations\Exit.cpp">
      <Filter>Operations</Filter>
    </ClCompile>
    <ClCompile Include="operations\opAddLine.cpp">
      <Filter>Operations</Filter>
    </ClCompile>
    <ClCompile Include="operations\opAddRect.cpp">
      <Filter>Operations</Filter>
    </ClCompile>
    <ClCompile Include="operations\opAddSqur.cpp">
      <Filter>Operations</Filter>
    </ClCompile>
    <ClCompile Include="operations\opdelete.cpp">
      <Filter>Operations</Filter>
    </ClCompile>
    <ClCompile Include="operations\oppAddTriangle.cpp">
      <Filter>Operations</Filter>
    </ClCompile>
    <ClCompile Include="operations\SwitchToDraw.cpp">
      <Filter>Operations</Filter>
    </ClCompile>
    <ClCompile Include="operations\SwitchToPlay.cpp">
      <Filter>Operations</Filter>
    </ClCompile>
    <ClCompile Include="operations\opchangeshape.cpp">
      <Filter>Operations</Filter>
    </ClCompile>
    <ClCompile Include="operations\ZoomIn.cpp">
      <Filter>Operations</Filter>
    </ClCompile>
    <ClCompile Include="operations\ZoomOut.cpp">
      <Filter>Operations</Filter>
    </ClCompile>
    <ClCompile Include="operations\Rotate.cpp">
      <Filter>Operations</Filter>
    </ClCompile>
    <ClCompile Include="operations\Group.cpp">
      <Filter>Operations</Filter>
    </ClCompile>
    <ClCompile Include="operations\Ungroup.cpp">
      <Filter>Operations</Filter>
    </ClCompile>
    <ClCompile Include="opSelect.cpp">
      <Filter>Operations</Filter>
    </ClCompile>
    <ClCompile Include="operations\Copy.cpp">
      <Filter>Operations</Filter>
    </ClCompile>
    <ClCompile Include="Shapes\Ellip.cpp">
      <Filter>Shapes&amp;Graph</Filter>
    </ClCompile>
    <ClCompile Include="operations\opAddEllip.cpp">
      <Filter>Operations</Filter>
    </ClCompile>
    <ClCompile Include="operations\Paste.cpp">
      <Filter>Operations</Filter>
    </ClCompile>
    <ClCompile Include="opmultiselect.cpp">
      <Filter>Operations</Filter>
    </ClCompile>
    <ClCompile Include="operations\opsave.cpp">
      <Filter>Operations</Filter>
    </ClCompile>
    <ClCompile Include="operations\Resize.cpp">
      <Filter>Operations</Filter>
    </ClCompile>
    <ClCompile Include="opmovebydrag.cpp">
      <Filter>Operations</Filter>
    </ClCompile>
    <ClCompile Include="Shapes\Ccircle.cpp">
      <Filter>Shapes&amp;Graph</Filter>
    </ClCompile>
    <ClCompile Include="Shapes\Cregpolygon.cpp">
      <Filter>Shapes&amp;Graph</Filter>
    </ClCompile>
    <ClCompile Include="Shapes\Irregpoly.cpp">
      <Filter>Shapes&amp;Graph</Filter>
    </ClCompile>
    <ClCompile Include="operations\opAddcircle.cpp">
      <Filter>Operations</Filter>
    </ClCompile>
    <ClCompile Include="operations\opAddIrrPoly.cpp">
      <Filter>Operations</Filter>
    </ClCompile>
    <ClCompile Include="operations\opAddregpolygon.cpp">
      <Filter>Operations</Filter>
    </ClCompile>
    <ClCompile Include="operations\Scramble.cpp">
      <Filter>Operations</Filter>
    </ClCompile>
    <ClCompile Include="opUndo.cpp">
      <Filter>Operations</Filter>
    </ClCompile>
    <ClCompile Include="opRedo.cpp">
      <Filter>Operations</Filter>
    </ClCompile>
  </ItemGroup>
  <ItemGroup>
    <ClInclude Include="CMUgraphicsLib\auxil.h">
      <Filter>GraphicsLib</Filter>
    </ClInclude>
    <ClInclude Include="CMUgraphicsLib\error.h">
      <Filter>GraphicsLib</Filter>
    </ClInclude>
    <ClInclude Include="CMUgraphicsLib\image.h">
      <Filter>GraphicsLib</Filter>
    </ClInclude>
    <ClInclude Include="CMUgraphicsLib\jpeg\jconfig.h">
      <Filter>GraphicsLib</Filter>
    </ClInclude>
    <ClInclude Include="CMUgraphicsLib\jpeg\jdct.h">
      <Filter>GraphicsLib</Filter>
    </ClInclude>
    <ClInclude Include="CMUgraphicsLib\jpeg\jdhuff.h">
      <Filter>GraphicsLib</Filter>
    </ClInclude>
    <ClInclude Include="CMUgraphicsLib\jpeg\jerror.h">
      <Filter>GraphicsLib</Filter>
    </ClInclude>
    <ClInclude Include="CMUgraphicsLib\jpeg\jinclude.h">
      <Filter>GraphicsLib</Filter>
    </ClInclude>
    <ClInclude Include="CMUgraphicsLib\jpeg\jmemsys.h">
      <Filter>GraphicsLib</Filter>
    </ClInclude>
    <ClInclude Include="CMUgraphicsLib\jpeg\jmorecfg.h">
      <Filter>GraphicsLib</Filter>
    </ClInclude>
    <ClInclude Include="CMUgraphicsLib\jpeg\jpegint.h">
      <Filter>GraphicsLib</Filter>
    </ClInclude>
    <ClInclude Include="CMUgraphicsLib\jpeg\jpeglib.h">
      <Filter>GraphicsLib</Filter>
    </ClInclude>
    <ClInclude Include="CMUgraphicsLib\jpegload.h">
      <Filter>GraphicsLib</Filter>
    </ClInclude>
    <ClInclude Include="CMUgraphicsLib\jpeg\jversion.h">
      <Filter>GraphicsLib</Filter>
    </ClInclude>
    <ClInclude Include="CMUgraphicsLib\keyqueue.h">
      <Filter>GraphicsLib</Filter>
    </ClInclude>
    <ClInclude Include="CMUgraphicsLib\mousequeue.h">
      <Filter>GraphicsLib</Filter>
    </ClInclude>
    <ClInclude Include="CMUgraphicsLib\version.h">
      <Filter>GraphicsLib</Filter>
    </ClInclude>
    <ClInclude Include="CMUgraphicsLib\windowinput.h">
      <Filter>GraphicsLib</Filter>
    </ClInclude>
    <ClInclude Include="CMUgraphicsLib\CMUgraphics.h">
      <Filter>GraphicsLib</Filter>
    </ClInclude>
    <ClInclude Include="CMUgraphicsLib\colors.h">
      <Filter>GraphicsLib</Filter>
    </ClInclude>
    <ClInclude Include="GUI\GUI.h">
      <Filter>GUI</Filter>
    </ClInclude>
    <ClInclude Include="Shapes\Ctriangle.h">
      <Filter>Shapes&amp;Graph</Filter>
    </ClInclude>
    <ClInclude Include="Shapes\Graph.h">
      <Filter>Shapes&amp;Graph</Filter>
    </ClInclude>
    <ClInclude Include="Shapes\Line.h">
      <Filter>Shapes&amp;Graph</Filter>
    </ClInclude>
    <ClInclude Include="Shapes\Rect.h">
      <Filter>Shapes&amp;Graph</Filter>
    </ClInclude>
    <ClInclude Include="Shapes\Shape.h">
      <Filter>Shapes&amp;Graph</Filter>
    </ClInclude>
    <ClInclude Include="Shapes\Squr.h">
      <Filter>Shapes&amp;Graph</Filter>
    </ClInclude>
    <ClInclude Include="controller.h" />
    <ClInclude Include="DEFS.h" />
    <ClInclude Include="operations\Exit.h">
      <Filter>Operations</Filter>
    </ClInclude>
    <ClInclude Include="operations\opAddLine.h">
      <Filter>Operations</Filter>
    </ClInclude>
    <ClInclude Include="operations\opAddRect.h">
      <Filter>Operations</Filter>
    </ClInclude>
    <ClInclude Include="operations\opAddSqur.h">
      <Filter>Operations</Filter>
    </ClInclude>
    <ClInclude Include="operations\opAddtriangle.h">
      <Filter>Operations</Filter>
    </ClInclude>
    <ClInclude Include="operations\opdelete.h">
      <Filter>Operations</Filter>
    </ClInclude>
    <ClInclude Include="operations\operation.h">
      <Filter>Operations</Filter>
    </ClInclude>
    <ClInclude Include="operations\SwitchToDraw.h">
      <Filter>Operations</Filter>
    </ClInclude>
    <ClInclude Include="operations\SwitchToPlay.h">
      <Filter>Operations</Filter>
    </ClInclude>
    <ClInclude Include="operations\opchangeshape.h">
      <Filter>Operations</Filter>
    </ClInclude>
    <ClInclude Include="operations\ZoomIn.h">
      <Filter>Operations</Filter>
    </ClInclude>
    <ClInclude Include="operations\ZoomOut.h">
      <Filter>Operations</Filter>
    </ClInclude>
    <ClInclude Include="operations\Rotate.h">
      <Filter>Operations</Filter>
    </ClInclude>
    <ClInclude Include="operations\Group.h">
      <Filter>Operations</Filter>
    </ClInclude>
    <ClInclude Include="operations\Ungroup.h">
      <Filter>Operations</Filter>
    </ClInclude>
    <ClInclude Include="opSelect.h">
      <Filter>Operations</Filter>
    </ClInclude>
    <ClInclude Include="operations\Copy.h">
      <Filter>Operations</Filter>
    </ClInclude>
    <ClInclude Include="Shapes\Ellip.h">
      <Filter>Shapes&amp;Graph</Filter>
    </ClInclude>
    <ClInclude Include="operations\opAddEllip.h">
      <Filter>Operations</Filter>
    </ClInclude>
    <ClInclude Include="operations\Paste.h">
      <Filter>Operations</Filter>
    </ClInclude>
    <ClInclude Include="opmultiselect.h">
      <Filter>Operations</Filter>
    </ClInclude>
    <ClInclude Include="operations\opsave.h">
      <Filter>Operations</Filter>
    </ClInclude>
    <ClInclude Include="operations\Resize.h">
      <Filter>Operations</Filter>
    </ClInclude>
    <ClInclude Include="opmovebydrag.h">
      <Filter>Operations</Filter>
    </ClInclude>
    <ClInclude Include="Shapes\Ccircle.h">
      <Filter>Shapes&amp;Graph</Filter>
    </ClInclude>
    <ClInclude Include="Shapes\Cregpolygon.h">
      <Filter>Shapes&amp;Graph</Filter>
    </ClInclude>
    <ClInclude Include="Shapes\Irregpoly.h">
      <Filter>Shapes&amp;Graph</Filter>
    </ClInclude>
    <ClInclude Include="operations\opAddcircle.h">
      <Filter>Operations</Filter>
    </ClInclude>
    <ClInclude Include="operations\opAddIrrPoly.h">
      <Filter>Operations</Filter>
    </ClInclude>
    <ClInclude Include="operations\opAddregpolygon.h">
      <Filter>Operations</Filter>
    </ClInclude>
    <ClInclude Include="operations\Scramble.h">
      <Filter>Operations</Filter>
    </ClInclude>
    <ClInclude Include="opUndo.h">
      <Filter>Shapes&amp;Graph</Filter>
    </ClInclude>
    <ClInclude Include="opRedo.h">
      <Filter>Operations</Filter>
    </ClInclude>
  </ItemGroup>
  <ItemGroup>
    <Filter Include="GraphicsLib">
      <UniqueIdentifier>{c076192c-7f4c-49d2-a595-55ff119d3ef7}</UniqueIdentifier>
    </Filter>
    <Filter Include="GUI">
      <UniqueIdentifier>{cc4dfad3-3220-4da0-a755-b6f30c107ea1}</UniqueIdentifier>
    </Filter>
    <Filter Include="Shapes&amp;Graph">
      <UniqueIdentifier>{5e150dff-8a89-44f3-b58a-731df9cea925}</UniqueIdentifier>
    </Filter>
    <Filter Include="Operations">
      <UniqueIdentifier>{3f5b9cdc-894a-41c5-94ad-30872220c529}</UniqueIdentifier>
    </Filter>
  </ItemGroup>
  <ItemGroup>
    <Text Include="CMUgraphicsLib\Manual.txt">
      <Filter>GraphicsLib</Filter>
    </Text>
    <Text Include="CMUgraphicsLib\Readme.txt">
      <Filter>GraphicsLib</Filter>
    </Text>
  </ItemGroup>
</Project>